
Microsoft Visual Studio Solution File, Format Version 12.00
# Visual Studio Version 17
VisualStudioVersion = 17.3.32901.215
MinimumVisualStudioVersion = 10.0.40219.1
Project("{FAE04EC0-301F-11D3-BF4B-00C04F79EFBC}") = "EcommerceGenarator.Api", "EcommerceGenarator.API\EcommerceGenarator.Api.csproj", "{11CC6277-2F9A-477B-BE88-B1D7A7920AE6}"
EndProject
Project("{FAE04EC0-301F-11D3-BF4B-00C04F79EFBC}") = "EcommerceGenerator.Domain", "EcommerceGenerator.Domain\EcommerceGenerator.Domain.csproj", "{C201C63C-2205-4DE0-B803-CA183BC4CAD7}"
EndProject
Project("{FAE04EC0-301F-11D3-BF4B-00C04F79EFBC}") = "EcommerceGenerator.Application", "EcommerceGenerator.Application\EcommerceGenerator.Application.csproj", "{DAFBE52B-1970-4907-8474-5AC304030102}"
EndProject
Project("{FAE04EC0-301F-11D3-BF4B-00C04F79EFBC}") = "EcommerceGenerator.Infrastructure", "EcommerceGenerator.Infrastructure\EcommerceGenerator.Infrastructure.csproj", "{58E937B5-E001-4B26-AC46-4185A01457CB}"
EndProject
Global
	GlobalSection(SolutionConfigurationPlatforms) = preSolution
		Debug|Any CPU = Debug|Any CPU
		Release|Any CPU = Release|Any CPU
	EndGlobalSection
	GlobalSection(ProjectConfigurationPlatforms) = postSolution
		{11CC6277-2F9A-477B-BE88-B1D7A7920AE6}.Debug|Any CPU.ActiveCfg = Debug|Any CPU
		{11CC6277-2F9A-477B-BE88-B1D7A7920AE6}.Debug|Any CPU.Build.0 = Debug|Any CPU
		{11CC6277-2F9A-477B-BE88-B1D7A7920AE6}.Release|Any CPU.ActiveCfg = Release|Any CPU
		{11CC6277-2F9A-477B-BE88-B1D7A7920AE6}.Release|Any CPU.Build.0 = Release|Any CPU
		{C201C63C-2205-4DE0-B803-CA183BC4CAD7}.Debug|Any CPU.ActiveCfg = Debug|Any CPU
		{C201C63C-2205-4DE0-B803-CA183BC4CAD7}.Debug|Any CPU.Build.0 = Debug|Any CPU
		{C201C63C-2205-4DE0-B803-CA183BC4CAD7}.Release|Any CPU.ActiveCfg = Release|Any CPU
		{C201C63C-2205-4DE0-B803-CA183BC4CAD7}.Release|Any CPU.Build.0 = Release|Any CPU
		{DAFBE52B-1970-4907-8474-5AC304030102}.Debug|Any CPU.ActiveCfg = Debug|Any CPU
		{DAFBE52B-1970-4907-8474-5AC304030102}.Debug|Any CPU.Build.0 = Debug|Any CPU
		{DAFBE52B-1970-4907-8474-5AC304030102}.Release|Any CPU.ActiveCfg = Release|Any CPU
		{DAFBE52B-1970-4907-8474-5AC304030102}.Release|Any CPU.Build.0 = Release|Any CPU
		{58E937B5-E001-4B26-AC46-4185A01457CB}.Debug|Any CPU.ActiveCfg = Debug|Any CPU
		{58E937B5-E001-4B26-AC46-4185A01457CB}.Debug|Any CPU.Build.0 = Debug|Any CPU
		{58E937B5-E001-4B26-AC46-4185A01457CB}.Release|Any CPU.ActiveCfg = Release|Any CPU
		{58E937B5-E001-4B26-AC46-4185A01457CB}.Release|Any CPU.Build.0 = Release|Any CPU
	EndGlobalSection
	GlobalSection(SolutionProperties) = preSolution
		HideSolutionNode = FALSE
	EndGlobalSection
	GlobalSection(ExtensibilityGlobals) = postSolution
		SolutionGuid = {2E15C351-A08D-4306-9C0E-1BDCAF593B59}
	EndGlobalSection
EndGlobal
